# This file was autogenerated by Stack.
# You should not edit this file by hand.
# For more information, please see the documentation at:
#   https://docs.haskellstack.org/en/stable/lock_files

packages:
- completed:
    name: processing-for-haskell
    version: 0.1.0.1
    git: https://github.com/anton-k/processing-for-haskell.git
    pantry-tree:
      size: 9714
      sha256: 93960dc66ea38fddb76a6777fcce60122aa44002ab8e93df065b702e986fbdc9
    commit: 431b5268e1f31a172b05edd2fcc5abe99ca826fa
  original:
    git: https://github.com/anton-k/processing-for-haskell.git
    commit: 431b5268e1f31a172b05edd2fcc5abe99ca826fa
- completed:
    name: hsnoise
    version: 0.0.2
    git: https://github.com/colinhect/hsnoise.git
    pantry-tree:
      size: 535
      sha256: f5326e2f3712dcd36ae25b21a10239f15130ea01c03e4ce5ac43f02bab33ca08
    commit: 4ccff11dea7e8d94e6a5fcaf8f43857bd65bd72d
  original:
    git: https://github.com/colinhect/hsnoise.git
    commit: 4ccff11dea7e8d94e6a5fcaf8f43857bd65bd72d
snapshots:
- completed:
    size: 585393
    url: https://raw.githubusercontent.com/commercialhaskell/stackage-snapshots/master/lts/18/0.yaml
    sha256: c632012da648385b9fa3c29f4e0afd56ead299f1c5528ee789058be410e883c0
  original:
    url: https://raw.githubusercontent.com/commercialhaskell/stackage-snapshots/master/lts/18/0.yaml
